// !$*UTF8*$!
{
	archiveVersion = 1;
	classes = {
	};
	objectVersion = 46;
	objects = {

/* Begin PBXBuildFile section */
		905415EE1E0AEA32008055BC /* RestApiManager.swift in Sources */ = {isa = PBXBuildFile; fileRef = 905415ED1E0AEA32008055BC /* RestApiManager.swift */; };
		905415F11E0AEFB8008055BC /* BusLine.swift in Sources */ = {isa = PBXBuildFile; fileRef = 905415F01E0AEFB8008055BC /* BusLine.swift */; };
		9066B96E1DE5E9CE0080B513 /* AppDelegate.swift in Sources */ = {isa = PBXBuildFile; fileRef = 9066B96D1DE5E9CE0080B513 /* AppDelegate.swift */; };
		9066B9701DE5E9CE0080B513 /* NextArrivalsViewController.swift in Sources */ = {isa = PBXBuildFile; fileRef = 9066B96F1DE5E9CE0080B513 /* NextArrivalsViewController.swift */; };
		9066B9721DE5E9CE0080B513 /* LinesViewController.swift in Sources */ = {isa = PBXBuildFile; fileRef = 9066B9711DE5E9CE0080B513 /* LinesViewController.swift */; };
		9066B9751DE5E9CF0080B513 /* Main.storyboard in Resources */ = {isa = PBXBuildFile; fileRef = 9066B9731DE5E9CF0080B513 /* Main.storyboard */; };
		9066B9771DE5E9CF0080B513 /* Assets.xcassets in Resources */ = {isa = PBXBuildFile; fileRef = 9066B9761DE5E9CF0080B513 /* Assets.xcassets */; };
		9066B97A1DE5E9CF0080B513 /* LaunchScreen.storyboard in Resources */ = {isa = PBXBuildFile; fileRef = 9066B9781DE5E9CF0080B513 /* LaunchScreen.storyboard */; };
		9066B9821DE5F0690080B513 /* MapViewController.swift in Sources */ = {isa = PBXBuildFile; fileRef = 9066B9811DE5F0690080B513 /* MapViewController.swift */; };
		909059EE1E476C9200785A21 /* AlarmObject.swift in Sources */ = {isa = PBXBuildFile; fileRef = 909059ED1E476C9200785A21 /* AlarmObject.swift */; };
		909059F01E477BD600785A21 /* AlarmDetailViewController.swift in Sources */ = {isa = PBXBuildFile; fileRef = 909059EF1E477BD600785A21 /* AlarmDetailViewController.swift */; };
		90C0D9081E0D689300FC9AD6 /* ic_directions_bus_48pt_2x.png in Resources */ = {isa = PBXBuildFile; fileRef = 90C0D9021E0D689300FC9AD6 /* ic_directions_bus_48pt_2x.png */; };
		90C0D9091E0D689300FC9AD6 /* ic_directions_bus_48pt_3x.png in Resources */ = {isa = PBXBuildFile; fileRef = 90C0D9031E0D689300FC9AD6 /* ic_directions_bus_48pt_3x.png */; };
		90C0D90A1E0D689300FC9AD6 /* ic_directions_bus_48pt.png in Resources */ = {isa = PBXBuildFile; fileRef = 90C0D9041E0D689300FC9AD6 /* ic_directions_bus_48pt.png */; };
		90C0D9111E0D6ABB00FC9AD6 /* ic_tram_48pt_2x.png in Resources */ = {isa = PBXBuildFile; fileRef = 90C0D90E1E0D6ABB00FC9AD6 /* ic_tram_48pt_2x.png */; };
		90C0D9121E0D6ABB00FC9AD6 /* ic_tram_48pt_3x.png in Resources */ = {isa = PBXBuildFile; fileRef = 90C0D90F1E0D6ABB00FC9AD6 /* ic_tram_48pt_3x.png */; };
		90C0D9131E0D6ABB00FC9AD6 /* ic_tram_48pt.png in Resources */ = {isa = PBXBuildFile; fileRef = 90C0D9101E0D6ABB00FC9AD6 /* ic_tram_48pt.png */; };
		90C0D91D1E0E9D6400FC9AD6 /* ic_arrow_back_2x.png in Resources */ = {isa = PBXBuildFile; fileRef = 90C0D91A1E0E9D6400FC9AD6 /* ic_arrow_back_2x.png */; };
		90C0D91E1E0E9D6400FC9AD6 /* ic_arrow_back_3x.png in Resources */ = {isa = PBXBuildFile; fileRef = 90C0D91B1E0E9D6400FC9AD6 /* ic_arrow_back_3x.png */; };
		90C0D91F1E0E9D6400FC9AD6 /* ic_arrow_back.png in Resources */ = {isa = PBXBuildFile; fileRef = 90C0D91C1E0E9D6400FC9AD6 /* ic_arrow_back.png */; };
		90C0D9211E0E9EC900FC9AD6 /* TimeTableViewController.swift in Sources */ = {isa = PBXBuildFile; fileRef = 90C0D9201E0E9EC900FC9AD6 /* TimeTableViewController.swift */; };
		90C0D9231E0ED2E700FC9AD6 /* TimeTable.swift in Sources */ = {isa = PBXBuildFile; fileRef = 90C0D9221E0ED2E600FC9AD6 /* TimeTable.swift */; };
		90C0D9251E0ED9D400FC9AD6 /* TimeTableCustomCell.swift in Sources */ = {isa = PBXBuildFile; fileRef = 90C0D9241E0ED9D400FC9AD6 /* TimeTableCustomCell.swift */; };
		90C0D9291E0EE08600FC9AD6 /* ic_directions_transit_2x.png in Resources */ = {isa = PBXBuildFile; fileRef = 90C0D9261E0EE08600FC9AD6 /* ic_directions_transit_2x.png */; };
		90C0D92A1E0EE08600FC9AD6 /* ic_directions_transit_3x.png in Resources */ = {isa = PBXBuildFile; fileRef = 90C0D9271E0EE08600FC9AD6 /* ic_directions_transit_3x.png */; };
		90C0D92B1E0EE08600FC9AD6 /* ic_directions_transit.png in Resources */ = {isa = PBXBuildFile; fileRef = 90C0D9281E0EE08600FC9AD6 /* ic_directions_transit.png */; };
		AF6C4C231E4A922A0047E77E /* ArrivalBus.swift in Sources */ = {isa = PBXBuildFile; fileRef = AF6C4C221E4A922A0047E77E /* ArrivalBus.swift */; };
		AF976BBA1E3E4376003A10FE /* NextArrivalTableCell.swift in Sources */ = {isa = PBXBuildFile; fileRef = AF976BB91E3E4376003A10FE /* NextArrivalTableCell.swift */; };
		AF976BBC1E3E4447003A10FE /* AlarmTableCell.swift in Sources */ = {isa = PBXBuildFile; fileRef = AF976BBB1E3E4447003A10FE /* AlarmTableCell.swift */; };
		AF976BBE1E3E44D9003A10FE /* AlarmTableViewController.swift in Sources */ = {isa = PBXBuildFile; fileRef = AF976BBD1E3E44D9003A10FE /* AlarmTableViewController.swift */; };
		DA7CA163BA4E14701E27E59F /* Pods_ProjectTransport.framework in Frameworks */ = {isa = PBXBuildFile; fileRef = A5CA837E01E36951B0A823E9 /* Pods_ProjectTransport.framework */; };
/* End PBXBuildFile section */

/* Begin PBXFileReference section */
		0969663E484E514DF2A017A2 /* Pods-ProjectTransport.debug.xcconfig */ = {isa = PBXFileReference; includeInIndex = 1; lastKnownFileType = text.xcconfig; name = "Pods-ProjectTransport.debug.xcconfig"; path = "Pods/Target Support Files/Pods-ProjectTransport/Pods-ProjectTransport.debug.xcconfig"; sourceTree = "<group>"; };
		905415ED1E0AEA32008055BC /* RestApiManager.swift */ = {isa = PBXFileReference; fileEncoding = 4; lastKnownFileType = sourcecode.swift; path = RestApiManager.swift; sourceTree = "<group>"; };
		905415F01E0AEFB8008055BC /* BusLine.swift */ = {isa = PBXFileReference; fileEncoding = 4; lastKnownFileType = sourcecode.swift; path = BusLine.swift; sourceTree = "<group>"; };
		9066B96A1DE5E9CE0080B513 /* ProjectTransport.app */ = {isa = PBXFileReference; explicitFileType = wrapper.application; includeInIndex = 0; path = ProjectTransport.app; sourceTree = BUILT_PRODUCTS_DIR; };
		9066B96D1DE5E9CE0080B513 /* AppDelegate.swift */ = {isa = PBXFileReference; lastKnownFileType = sourcecode.swift; path = AppDelegate.swift; sourceTree = "<group>"; };
		9066B96F1DE5E9CE0080B513 /* NextArrivalsViewController.swift */ = {isa = PBXFileReference; lastKnownFileType = sourcecode.swift; path = NextArrivalsViewController.swift; sourceTree = "<group>"; };
		9066B9711DE5E9CE0080B513 /* LinesViewController.swift */ = {isa = PBXFileReference; lastKnownFileType = sourcecode.swift; path = LinesViewController.swift; sourceTree = "<group>"; };
		9066B9741DE5E9CF0080B513 /* Base */ = {isa = PBXFileReference; lastKnownFileType = file.storyboard; name = Base; path = Base.lproj/Main.storyboard; sourceTree = "<group>"; };
		9066B9761DE5E9CF0080B513 /* Assets.xcassets */ = {isa = PBXFileReference; lastKnownFileType = folder.assetcatalog; path = Assets.xcassets; sourceTree = "<group>"; };
		9066B9791DE5E9CF0080B513 /* Base */ = {isa = PBXFileReference; lastKnownFileType = file.storyboard; name = Base; path = Base.lproj/LaunchScreen.storyboard; sourceTree = "<group>"; };
		9066B97B1DE5E9CF0080B513 /* Info.plist */ = {isa = PBXFileReference; lastKnownFileType = text.plist.xml; path = Info.plist; sourceTree = "<group>"; };
		9066B9811DE5F0690080B513 /* MapViewController.swift */ = {isa = PBXFileReference; fileEncoding = 4; lastKnownFileType = sourcecode.swift; path = MapViewController.swift; sourceTree = "<group>"; };
		909059ED1E476C9200785A21 /* AlarmObject.swift */ = {isa = PBXFileReference; fileEncoding = 4; lastKnownFileType = sourcecode.swift; path = AlarmObject.swift; sourceTree = "<group>"; };
		909059EF1E477BD600785A21 /* AlarmDetailViewController.swift */ = {isa = PBXFileReference; fileEncoding = 4; lastKnownFileType = sourcecode.swift; path = AlarmDetailViewController.swift; sourceTree = "<group>"; };
		90C0D9021E0D689300FC9AD6 /* ic_directions_bus_48pt_2x.png */ = {isa = PBXFileReference; lastKnownFileType = image.png; name = ic_directions_bus_48pt_2x.png; path = Images/ic_directions_bus_48pt_2x.png; sourceTree = "<group>"; };
		90C0D9031E0D689300FC9AD6 /* ic_directions_bus_48pt_3x.png */ = {isa = PBXFileReference; lastKnownFileType = image.png; name = ic_directions_bus_48pt_3x.png; path = Images/ic_directions_bus_48pt_3x.png; sourceTree = "<group>"; };
		90C0D9041E0D689300FC9AD6 /* ic_directions_bus_48pt.png */ = {isa = PBXFileReference; lastKnownFileType = image.png; name = ic_directions_bus_48pt.png; path = Images/ic_directions_bus_48pt.png; sourceTree = "<group>"; };
		90C0D90E1E0D6ABB00FC9AD6 /* ic_tram_48pt_2x.png */ = {isa = PBXFileReference; lastKnownFileType = image.png; name = ic_tram_48pt_2x.png; path = Images/ic_tram_48pt_2x.png; sourceTree = "<group>"; };
		90C0D90F1E0D6ABB00FC9AD6 /* ic_tram_48pt_3x.png */ = {isa = PBXFileReference; lastKnownFileType = image.png; name = ic_tram_48pt_3x.png; path = Images/ic_tram_48pt_3x.png; sourceTree = "<group>"; };
		90C0D9101E0D6ABB00FC9AD6 /* ic_tram_48pt.png */ = {isa = PBXFileReference; lastKnownFileType = image.png; name = ic_tram_48pt.png; path = Images/ic_tram_48pt.png; sourceTree = "<group>"; };
		90C0D91A1E0E9D6400FC9AD6 /* ic_arrow_back_2x.png */ = {isa = PBXFileReference; lastKnownFileType = image.png; name = ic_arrow_back_2x.png; path = Images/ic_arrow_back_2x.png; sourceTree = "<group>"; };
		90C0D91B1E0E9D6400FC9AD6 /* ic_arrow_back_3x.png */ = {isa = PBXFileReference; lastKnownFileType = image.png; name = ic_arrow_back_3x.png; path = Images/ic_arrow_back_3x.png; sourceTree = "<group>"; };
		90C0D91C1E0E9D6400FC9AD6 /* ic_arrow_back.png */ = {isa = PBXFileReference; lastKnownFileType = image.png; name = ic_arrow_back.png; path = Images/ic_arrow_back.png; sourceTree = "<group>"; };
		90C0D9201E0E9EC900FC9AD6 /* TimeTableViewController.swift */ = {isa = PBXFileReference; fileEncoding = 4; lastKnownFileType = sourcecode.swift; lineEnding = 0; path = TimeTableViewController.swift; sourceTree = "<group>"; };
		90C0D9221E0ED2E600FC9AD6 /* TimeTable.swift */ = {isa = PBXFileReference; fileEncoding = 4; lastKnownFileType = sourcecode.swift; path = TimeTable.swift; sourceTree = "<group>"; };
		90C0D9241E0ED9D400FC9AD6 /* TimeTableCustomCell.swift */ = {isa = PBXFileReference; fileEncoding = 4; lastKnownFileType = sourcecode.swift; path = TimeTableCustomCell.swift; sourceTree = "<group>"; };
		90C0D9261E0EE08600FC9AD6 /* ic_directions_transit_2x.png */ = {isa = PBXFileReference; lastKnownFileType = image.png; name = ic_directions_transit_2x.png; path = Images/ic_directions_transit_2x.png; sourceTree = "<group>"; };
		90C0D9271E0EE08600FC9AD6 /* ic_directions_transit_3x.png */ = {isa = PBXFileReference; lastKnownFileType = image.png; name = ic_directions_transit_3x.png; path = Images/ic_directions_transit_3x.png; sourceTree = "<group>"; };
		90C0D9281E0EE08600FC9AD6 /* ic_directions_transit.png */ = {isa = PBXFileReference; lastKnownFileType = image.png; name = ic_directions_transit.png; path = Images/ic_directions_transit.png; sourceTree = "<group>"; };
		9675C60BAB5DA210C18D4BAA /* Pods-ProjectTransport.release.xcconfig */ = {isa = PBXFileReference; includeInIndex = 1; lastKnownFileType = text.xcconfig; name = "Pods-ProjectTransport.release.xcconfig"; path = "Pods/Target Support Files/Pods-ProjectTransport/Pods-ProjectTransport.release.xcconfig"; sourceTree = "<group>"; };
		A5CA837E01E36951B0A823E9 /* Pods_ProjectTransport.framework */ = {isa = PBXFileReference; explicitFileType = wrapper.framework; includeInIndex = 0; path = Pods_ProjectTransport.framework; sourceTree = BUILT_PRODUCTS_DIR; };
		AF6C4C221E4A922A0047E77E /* ArrivalBus.swift */ = {isa = PBXFileReference; fileEncoding = 4; lastKnownFileType = sourcecode.swift; path = ArrivalBus.swift; sourceTree = "<group>"; };
		AF976BB91E3E4376003A10FE /* NextArrivalTableCell.swift */ = {isa = PBXFileReference; fileEncoding = 4; lastKnownFileType = sourcecode.swift; path = NextArrivalTableCell.swift; sourceTree = "<group>"; };
		AF976BBB1E3E4447003A10FE /* AlarmTableCell.swift */ = {isa = PBXFileReference; fileEncoding = 4; lastKnownFileType = sourcecode.swift; path = AlarmTableCell.swift; sourceTree = "<group>"; };
		AF976BBD1E3E44D9003A10FE /* AlarmTableViewController.swift */ = {isa = PBXFileReference; fileEncoding = 4; lastKnownFileType = sourcecode.swift; path = AlarmTableViewController.swift; sourceTree = "<group>"; };
/* End PBXFileReference section */

/* Begin PBXFrameworksBuildPhase section */
		9066B9671DE5E9CE0080B513 /* Frameworks */ = {
			isa = PBXFrameworksBuildPhase;
			buildActionMask = 2147483647;
			files = (
				DA7CA163BA4E14701E27E59F /* Pods_ProjectTransport.framework in Frameworks */,
			);
			runOnlyForDeploymentPostprocessing = 0;
		};
/* End PBXFrameworksBuildPhase section */

/* Begin PBXGroup section */
		905415EF1E0AEF89008055BC /* Model */ = {
			isa = PBXGroup;
			children = (
				905415F01E0AEFB8008055BC /* BusLine.swift */,
				90C0D9221E0ED2E600FC9AD6 /* TimeTable.swift */,
				909059ED1E476C9200785A21 /* AlarmObject.swift */,
				AF6C4C221E4A922A0047E77E /* ArrivalBus.swift */,
			);
			name = Model;
			sourceTree = "<group>";
		};
		9066B9611DE5E9CE0080B513 = {
			isa = PBXGroup;
			children = (
				9066B96C1DE5E9CE0080B513 /* ProjectTransport */,
				9066B96B1DE5E9CE0080B513 /* Products */,
				CCB359646C03CE2CFE5CE311 /* Pods */,
				A744E10A7AE9AD8C32BC8A1E /* Frameworks */,
			);
			sourceTree = "<group>";
		};
		9066B96B1DE5E9CE0080B513 /* Products */ = {
			isa = PBXGroup;
			children = (
				9066B96A1DE5E9CE0080B513 /* ProjectTransport.app */,
			);
			name = Products;
			sourceTree = "<group>";
		};
		9066B96C1DE5E9CE0080B513 /* ProjectTransport */ = {
			isa = PBXGroup;
			children = (
				90C0D8F71E0D64B800FC9AD6 /* Images */,
				905415EF1E0AEF89008055BC /* Model */,
				9066B96D1DE5E9CE0080B513 /* AppDelegate.swift */,
				9066B96F1DE5E9CE0080B513 /* NextArrivalsViewController.swift */,
				9066B9711DE5E9CE0080B513 /* LinesViewController.swift */,
				90C0D9201E0E9EC900FC9AD6 /* TimeTableViewController.swift */,
				9066B9731DE5E9CF0080B513 /* Main.storyboard */,
				90C0D9241E0ED9D400FC9AD6 /* TimeTableCustomCell.swift */,
				9066B9761DE5E9CF0080B513 /* Assets.xcassets */,
				9066B9781DE5E9CF0080B513 /* LaunchScreen.storyboard */,
				9066B97B1DE5E9CF0080B513 /* Info.plist */,
				9066B9811DE5F0690080B513 /* MapViewController.swift */,
				905415ED1E0AEA32008055BC /* RestApiManager.swift */,
				AF976BB91E3E4376003A10FE /* NextArrivalTableCell.swift */,
				AF976BBB1E3E4447003A10FE /* AlarmTableCell.swift */,
				AF976BBD1E3E44D9003A10FE /* AlarmTableViewController.swift */,
				909059EF1E477BD600785A21 /* AlarmDetailViewController.swift */,
			);
			path = ProjectTransport;
			sourceTree = "<group>";
		};
		90C0D8F71E0D64B800FC9AD6 /* Images */ = {
			isa = PBXGroup;
			children = (
				90C0D91A1E0E9D6400FC9AD6 /* ic_arrow_back_2x.png */,
				90C0D9261E0EE08600FC9AD6 /* ic_directions_transit_2x.png */,
				90C0D9271E0EE08600FC9AD6 /* ic_directions_transit_3x.png */,
				90C0D9281E0EE08600FC9AD6 /* ic_directions_transit.png */,
				90C0D91B1E0E9D6400FC9AD6 /* ic_arrow_back_3x.png */,
				90C0D91C1E0E9D6400FC9AD6 /* ic_arrow_back.png */,
				90C0D9021E0D689300FC9AD6 /* ic_directions_bus_48pt_2x.png */,
				90C0D9031E0D689300FC9AD6 /* ic_directions_bus_48pt_3x.png */,
				90C0D9041E0D689300FC9AD6 /* ic_directions_bus_48pt.png */,
				90C0D90E1E0D6ABB00FC9AD6 /* ic_tram_48pt_2x.png */,
				90C0D90F1E0D6ABB00FC9AD6 /* ic_tram_48pt_3x.png */,
				90C0D9101E0D6ABB00FC9AD6 /* ic_tram_48pt.png */,
			);
			name = Images;
			sourceTree = "<group>";
		};
		A744E10A7AE9AD8C32BC8A1E /* Frameworks */ = {
			isa = PBXGroup;
			children = (
				A5CA837E01E36951B0A823E9 /* Pods_ProjectTransport.framework */,
			);
			name = Frameworks;
			sourceTree = "<group>";
		};
		CCB359646C03CE2CFE5CE311 /* Pods */ = {
			isa = PBXGroup;
			children = (
				0969663E484E514DF2A017A2 /* Pods-ProjectTransport.debug.xcconfig */,
				9675C60BAB5DA210C18D4BAA /* Pods-ProjectTransport.release.xcconfig */,
			);
			name = Pods;
			sourceTree = "<group>";
		};
/* End PBXGroup section */

/* Begin PBXNativeTarget section */
		9066B9691DE5E9CE0080B513 /* ProjectTransport */ = {
			isa = PBXNativeTarget;
			buildConfigurationList = 9066B97E1DE5E9CF0080B513 /* Build configuration list for PBXNativeTarget "ProjectTransport" */;
			buildPhases = (
				CE7A174226D24EBFE0CD864A /* [CP] Check Pods Manifest.lock */,
				9066B9661DE5E9CE0080B513 /* Sources */,
				9066B9671DE5E9CE0080B513 /* Frameworks */,
				9066B9681DE5E9CE0080B513 /* Resources */,
				78A6B541985B9FA43EA2EA4E /* [CP] Embed Pods Frameworks */,
				63BD9A21B7330671A26D653A /* [CP] Copy Pods Resources */,
			);
			buildRules = (
			);
			dependencies = (
			);
			name = ProjectTransport;
			productName = ProjectTransport;
			productReference = 9066B96A1DE5E9CE0080B513 /* ProjectTransport.app */;
			productType = "com.apple.product-type.application";
		};
/* End PBXNativeTarget section */

/* Begin PBXProject section */
		9066B9621DE5E9CE0080B513 /* Project object */ = {
			isa = PBXProject;
			attributes = {
				LastSwiftUpdateCheck = 0720;
				LastUpgradeCheck = 0720;
				ORGANIZATIONNAME = "Mark Mekker";
				TargetAttributes = {
					9066B9691DE5E9CE0080B513 = {
						CreatedOnToolsVersion = 7.2;
					};
				};
			};
			buildConfigurationList = 9066B9651DE5E9CE0080B513 /* Build configuration list for PBXProject "ProjectTransport" */;
			compatibilityVersion = "Xcode 3.2";
			developmentRegion = English;
			hasScannedForEncodings = 0;
			knownRegions = (
				en,
				Base,
			);
			mainGroup = 9066B9611DE5E9CE0080B513;
			productRefGroup = 9066B96B1DE5E9CE0080B513 /* Products */;
			projectDirPath = "";
			projectRoot = "";
			targets = (
				9066B9691DE5E9CE0080B513 /* ProjectTransport */,
			);
		};
/* End PBXProject section */

/* Begin PBXResourcesBuildPhase section */
		9066B9681DE5E9CE0080B513 /* Resources */ = {
			isa = PBXResourcesBuildPhase;
			buildActionMask = 2147483647;
			files = (
				90C0D91D1E0E9D6400FC9AD6 /* ic_arrow_back_2x.png in Resources */,
				90C0D90A1E0D689300FC9AD6 /* ic_directions_bus_48pt.png in Resources */,
				90C0D9121E0D6ABB00FC9AD6 /* ic_tram_48pt_3x.png in Resources */,
				90C0D9081E0D689300FC9AD6 /* ic_directions_bus_48pt_2x.png in Resources */,
				9066B97A1DE5E9CF0080B513 /* LaunchScreen.storyboard in Resources */,
				90C0D9111E0D6ABB00FC9AD6 /* ic_tram_48pt_2x.png in Resources */,
				90C0D92A1E0EE08600FC9AD6 /* ic_directions_transit_3x.png in Resources */,
				90C0D91E1E0E9D6400FC9AD6 /* ic_arrow_back_3x.png in Resources */,
				9066B9771DE5E9CF0080B513 /* Assets.xcassets in Resources */,
				90C0D9091E0D689300FC9AD6 /* ic_directions_bus_48pt_3x.png in Resources */,
				90C0D92B1E0EE08600FC9AD6 /* ic_directions_transit.png in Resources */,
				90C0D9291E0EE08600FC9AD6 /* ic_directions_transit_2x.png in Resources */,
				90C0D9131E0D6ABB00FC9AD6 /* ic_tram_48pt.png in Resources */,
				90C0D91F1E0E9D6400FC9AD6 /* ic_arrow_back.png in Resources */,
				9066B9751DE5E9CF0080B513 /* Main.storyboard in Resources */,
			);
			runOnlyForDeploymentPostprocessing = 0;
		};
/* End PBXResourcesBuildPhase section */

/* Begin PBXShellScriptBuildPhase section */
		63BD9A21B7330671A26D653A /* [CP] Copy Pods Resources */ = {
			isa = PBXShellScriptBuildPhase;
			buildActionMask = 2147483647;
			files = (
			);
			inputPaths = (
			);
			name = "[CP] Copy Pods Resources";
			outputPaths = (
			);
			runOnlyForDeploymentPostprocessing = 0;
			shellPath = /bin/sh;
			shellScript = "\"${SRCROOT}/Pods/Target Support Files/Pods-ProjectTransport/Pods-ProjectTransport-resources.sh\"\n";
			showEnvVarsInLog = 0;
		};
		78A6B541985B9FA43EA2EA4E /* [CP] Embed Pods Frameworks */ = {
			isa = PBXShellScriptBuildPhase;
			buildActionMask = 2147483647;
			files = (
			);
			inputPaths = (
			);
			name = "[CP] Embed Pods Frameworks";
			outputPaths = (
			);
			runOnlyForDeploymentPostprocessing = 0;
			shellPath = /bin/sh;
			shellScript = "\"${SRCROOT}/Pods/Target Support Files/Pods-ProjectTransport/Pods-ProjectTransport-frameworks.sh\"\n";
			showEnvVarsInLog = 0;
		};
		CE7A174226D24EBFE0CD864A /* [CP] Check Pods Manifest.lock */ = {
			isa = PBXShellScriptBuildPhase;
			buildActionMask = 2147483647;
			files = (
			);
			inputPaths = (
			);
			name = "[CP] Check Pods Manifest.lock";
			outputPaths = (
			);
			runOnlyForDeploymentPostprocessing = 0;
			shellPath = /bin/sh;
			shellScript = "diff \"${PODS_ROOT}/../Podfile.lock\" \"${PODS_ROOT}/Manifest.lock\" > /dev/null\nif [ $? != 0 ] ; then\n    # print error to STDERR\n    echo \"error: The sandbox is not in sync with the Podfile.lock. Run 'pod install' or update your CocoaPods installation.\" >&2\n    exit 1\nfi\n";
			showEnvVarsInLog = 0;
		};
/* End PBXShellScriptBuildPhase section */

/* Begin PBXSourcesBuildPhase section */
		9066B9661DE5E9CE0080B513 /* Sources */ = {
			isa = PBXSourcesBuildPhase;
			buildActionMask = 2147483647;
			files = (
				90C0D9251E0ED9D400FC9AD6 /* TimeTableCustomCell.swift in Sources */,
				AF6C4C231E4A922A0047E77E /* ArrivalBus.swift in Sources */,
				AF976BBE1E3E44D9003A10FE /* AlarmTableViewController.swift in Sources */,
				90C0D9211E0E9EC900FC9AD6 /* TimeTableViewController.swift in Sources */,
				90C0D9231E0ED2E700FC9AD6 /* TimeTable.swift in Sources */,
				909059EE1E476C9200785A21 /* AlarmObject.swift in Sources */,
				9066B9721DE5E9CE0080B513 /* LinesViewController.swift in Sources */,
				9066B96E1DE5E9CE0080B513 /* AppDelegate.swift in Sources */,
				9066B9701DE5E9CE0080B513 /* NextArrivalsViewController.swift in Sources */,
				AF976BBA1E3E4376003A10FE /* NextArrivalTableCell.swift in Sources */,
				AF976BBC1E3E4447003A10FE /* AlarmTableCell.swift in Sources */,
				905415EE1E0AEA32008055BC /* RestApiManager.swift in Sources */,
				909059F01E477BD600785A21 /* AlarmDetailViewController.swift in Sources */,
				905415F11E0AEFB8008055BC /* BusLine.swift in Sources */,
				9066B9821DE5F0690080B513 /* MapViewController.swift in Sources */,
			);
			runOnlyForDeploymentPostprocessing = 0;
		};
/* End PBXSourcesBuildPhase section */

/* Begin PBXVariantGroup section */
		9066B9731DE5E9CF0080B513 /* Main.storyboard */ = {
			isa = PBXVariantGroup;
			children = (
				9066B9741DE5E9CF0080B513 /* Base */,
			);
			name = Main.storyboard;
			sourceTree = "<group>";
		};
		9066B9781DE5E9CF0080B513 /* LaunchScreen.storyboard */ = {
			isa = PBXVariantGroup;
			children = (
				9066B9791DE5E9CF0080B513 /* Base */,
			);
			name = LaunchScreen.storyboard;
			sourceTree = "<group>";
		};
/* End PBXVariantGroup section */

/* Begin XCBuildConfiguration section */
		9066B97C1DE5E9CF0080B513 /* Debug */ = {
			isa = XCBuildConfiguration;
			buildSettings = {
				ALWAYS_SEARCH_USER_PATHS = NO;
				CLANG_CXX_LANGUAGE_STANDARD = "gnu++0x";
				CLANG_CXX_LIBRARY = "libc++";
				CLANG_ENABLE_MODULES = YES;
				CLANG_ENABLE_OBJC_ARC = YES;
				CLANG_WARN_BOOL_CONVERSION = YES;
				CLANG_WARN_CONSTANT_CONVERSION = YES;
				CLANG_WARN_DIRECT_OBJC_ISA_USAGE = YES_ERROR;
				CLANG_WARN_EMPTY_BODY = YES;
				CLANG_WARN_ENUM_CONVERSION = YES;
				CLANG_WARN_INT_CONVERSION = YES;
				CLANG_WARN_OBJC_ROOT_CLASS = YES_ERROR;
				CLANG_WARN_UNREACHABLE_CODE = YES;
				CLANG_WARN__DUPLICATE_METHOD_MATCH = YES;
				"CODE_SIGN_IDENTITY[sdk=iphoneos*]" = "iPhone Developer";
				COPY_PHASE_STRIP = NO;
				DEBUG_INFORMATION_FORMAT = dwarf;
				ENABLE_STRICT_OBJC_MSGSEND = YES;
				ENABLE_TESTABILITY = YES;
				GCC_C_LANGUAGE_STANDARD = gnu99;
				GCC_DYNAMIC_NO_PIC = NO;
				GCC_NO_COMMON_BLOCKS = YES;
				GCC_OPTIMIZATION_LEVEL = 0;
				GCC_PREPROCESSOR_DEFINITIONS = (
					"DEBUG=1",
					"$(inherited)",
				);
				GCC_WARN_64_TO_32_BIT_CONVERSION = YES;
				GCC_WARN_ABOUT_RETURN_TYPE = YES_ERROR;
				GCC_WARN_UNDECLARED_SELECTOR = YES;
				GCC_WARN_UNINITIALIZED_AUTOS = YES_AGGRESSIVE;
				GCC_WARN_UNUSED_FUNCTION = YES;
				GCC_WARN_UNUSED_VARIABLE = YES;
				IPHONEOS_DEPLOYMENT_TARGET = 9.2;
				MTL_ENABLE_DEBUG_INFO = YES;
				ONLY_ACTIVE_ARCH = YES;
				SDKROOT = iphoneos;
				SWIFT_OPTIMIZATION_LEVEL = "-Onone";
			};
			name = Debug;
		};
		9066B97D1DE5E9CF0080B513 /* Release */ = {
			isa = XCBuildConfiguration;
			buildSettings = {
				ALWAYS_SEARCH_USER_PATHS = NO;
				CLANG_CXX_LANGUAGE_STANDARD = "gnu++0x";
				CLANG_CXX_LIBRARY = "libc++";
				CLANG_ENABLE_MODULES = YES;
				CLANG_ENABLE_OBJC_ARC = YES;
				CLANG_WARN_BOOL_CONVERSION = YES;
				CLANG_WARN_CONSTANT_CONVERSION = YES;
				CLANG_WARN_DIRECT_OBJC_ISA_USAGE = YES_ERROR;
				CLANG_WARN_EMPTY_BODY = YES;
				CLANG_WARN_ENUM_CONVERSION = YES;
				CLANG_WARN_INT_CONVERSION = YES;
				CLANG_WARN_OBJC_ROOT_CLASS = YES_ERROR;
				CLANG_WARN_UNREACHABLE_CODE = YES;
				CLANG_WARN__DUPLICATE_METHOD_MATCH = YES;
				"CODE_SIGN_IDENTITY[sdk=iphoneos*]" = "iPhone Developer";
				COPY_PHASE_STRIP = NO;
				DEBUG_INFORMATION_FORMAT = "dwarf-with-dsym";
				ENABLE_NS_ASSERTIONS = NO;
				ENABLE_STRICT_OBJC_MSGSEND = YES;
				GCC_C_LANGUAGE_STANDARD = gnu99;
				GCC_NO_COMMON_BLOCKS = YES;
				GCC_WARN_64_TO_32_BIT_CONVERSION = YES;
				GCC_WARN_ABOUT_RETURN_TYPE = YES_ERROR;
				GCC_WARN_UNDECLARED_SELECTOR = YES;
				GCC_WARN_UNINITIALIZED_AUTOS = YES_AGGRESSIVE;
				GCC_WARN_UNUSED_FUNCTION = YES;
				GCC_WARN_UNUSED_VARIABLE = YES;
				IPHONEOS_DEPLOYMENT_TARGET = 9.2;
				MTL_ENABLE_DEBUG_INFO = NO;
				SDKROOT = iphoneos;
				VALIDATE_PRODUCT = YES;
			};
			name = Release;
		};
		9066B97F1DE5E9CF0080B513 /* Debug */ = {
			isa = XCBuildConfiguration;
			baseConfigurationReference = 0969663E484E514DF2A017A2 /* Pods-ProjectTransport.debug.xcconfig */;
			buildSettings = {
				ASSETCATALOG_COMPILER_APPICON_NAME = AppIcon;
				INFOPLIST_FILE = ProjectTransport/Info.plist;
				LD_RUNPATH_SEARCH_PATHS = "$(inherited) @executable_path/Frameworks";
				PRODUCT_BUNDLE_IDENTIFIER = ProjectTransport;
				PRODUCT_NAME = "$(TARGET_NAME)";
			};
			name = Debug;
		};
		9066B9801DE5E9CF0080B513 /* Release */ = {
			isa = XCBuildConfiguration;
			baseConfigurationReference = 9675C60BAB5DA210C18D4BAA /* Pods-ProjectTransport.release.xcconfig */;
			buildSettings = {
				ASSETCATALOG_COMPILER_APPICON_NAME = AppIcon;
				INFOPLIST_FILE = ProjectTransport/Info.plist;
				LD_RUNPATH_SEARCH_PATHS = "$(inherited) @executable_path/Frameworks";
				PRODUCT_BUNDLE_IDENTIFIER = ProjectTransport;
				PRODUCT_NAME = "$(TARGET_NAME)";
			};
			name = Release;
		};
/* End XCBuildConfiguration section */

/* Begin XCConfigurationList section */
		9066B9651DE5E9CE0080B513 /* Build configuration list for PBXProject "ProjectTransport" */ = {
			isa = XCConfigurationList;
			buildConfigurations = (
				9066B97C1DE5E9CF0080B513 /* Debug */,
				9066B97D1DE5E9CF0080B513 /* Release */,
			);
			defaultConfigurationIsVisible = 0;
			defaultConfigurationName = Release;
		};
		9066B97E1DE5E9CF0080B513 /* Build configuration list for PBXNativeTarget "ProjectTransport" */ = {
			isa = XCConfigurationList;
			buildConfigurations = (
				9066B97F1DE5E9CF0080B513 /* Debug */,
				9066B9801DE5E9CF0080B513 /* Release */,
			);
			defaultConfigurationIsVisible = 0;
			defaultConfigurationName = Release;
		};
/* End XCConfigurationList section */
	};
	rootObject = 9066B9621DE5E9CE0080B513 /* Project object */;
}
